
Microsoft Visual Studio Solution File, Format Version 12.00
# Visual Studio Version 17
VisualStudioVersion = 17.13.35828.75 d17.13
MinimumVisualStudioVersion = 10.0.40219.1
Project("{FAE04EC0-301F-11D3-BF4B-00C04F79EFBC}") = "MagazinSanitareElectrice", "MagazinSanitareElectrice\MagazinSanitareElectrice.csproj", "{4E75BDDB-3D2A-44E4-A9AA-24A42903562A}"
EndProject
Project("{FAE04EC0-301F-11D3-BF4B-00C04F79EFBC}") = "LibrarieModele", "LibrarieModele\LibrarieModele.csproj", "{BC95FC0C-7D08-494D-AD79-4EDD26F1A9D6}"
EndProject
Project("{FAE04EC0-301F-11D3-BF4B-00C04F79EFBC}") = "NivelStocareDate", "NivelStocareDate\NivelStocareDate.csproj", "{65BD8D85-D844-4138-BC24-BF51F0A6B0F8}"
EndProject
Global
	GlobalSection(SolutionConfigurationPlatforms) = preSolution
		Debug|Any CPU = Debug|Any CPU
		Release|Any CPU = Release|Any CPU
	EndGlobalSection
	GlobalSection(ProjectConfigurationPlatforms) = postSolution
		{4E75BDDB-3D2A-44E4-A9AA-24A42903562A}.Debug|Any CPU.ActiveCfg = Debug|Any CPU
		{4E75BDDB-3D2A-44E4-A9AA-24A42903562A}.Debug|Any CPU.Build.0 = Debug|Any CPU
		{4E75BDDB-3D2A-44E4-A9AA-24A42903562A}.Release|Any CPU.ActiveCfg = Release|Any CPU
		{4E75BDDB-3D2A-44E4-A9AA-24A42903562A}.Release|Any CPU.Build.0 = Release|Any CPU
		{BC95FC0C-7D08-494D-AD79-4EDD26F1A9D6}.Debug|Any CPU.ActiveCfg = Debug|Any CPU
		{BC95FC0C-7D08-494D-AD79-4EDD26F1A9D6}.Debug|Any CPU.Build.0 = Debug|Any CPU
		{BC95FC0C-7D08-494D-AD79-4EDD26F1A9D6}.Release|Any CPU.ActiveCfg = Release|Any CPU
		{BC95FC0C-7D08-494D-AD79-4EDD26F1A9D6}.Release|Any CPU.Build.0 = Release|Any CPU
		{65BD8D85-D844-4138-BC24-BF51F0A6B0F8}.Debug|Any CPU.ActiveCfg = Debug|Any CPU
		{65BD8D85-D844-4138-BC24-BF51F0A6B0F8}.Debug|Any CPU.Build.0 = Debug|Any CPU
		{65BD8D85-D844-4138-BC24-BF51F0A6B0F8}.Release|Any CPU.ActiveCfg = Release|Any CPU
		{65BD8D85-D844-4138-BC24-BF51F0A6B0F8}.Release|Any CPU.Build.0 = Release|Any CPU
	EndGlobalSection
	GlobalSection(SolutionProperties) = preSolution
		HideSolutionNode = FALSE
	EndGlobalSection
	GlobalSection(ExtensibilityGlobals) = postSolution
		SolutionGuid = {B8195F5C-7335-4474-A9B7-807F750B8A14}
	EndGlobalSection
EndGlobal
